
Microsoft Visual Studio Solution File, Format Version 12.00
# Visual Studio 15
VisualStudioVersion = 15.0.28307.329
MinimumVisualStudioVersion = 10.0.40219.1
Project("{FAE04EC0-301F-11D3-BF4B-00C04F79EFBC}") = "EpamLesson14", "EpamLesson14\EpamLesson14.csproj", "{0F8BDA09-F7FD-448C-806E-18A946C38C7F}"
EndProject
Project("{FAE04EC0-301F-11D3-BF4B-00C04F79EFBC}") = "WebAPP.DAL", "WebAPP.DAL\WebAPP.DAL.csproj", "{97C24870-81F0-48A1-A764-C9B1DA7F315F}"
EndProject
Global
	GlobalSection(SolutionConfigurationPlatforms) = preSolution
		Debug|Any CPU = Debug|Any CPU
		Release|Any CPU = Release|Any CPU
	EndGlobalSection
	GlobalSection(ProjectConfigurationPlatforms) = postSolution
		{0F8BDA09-F7FD-448C-806E-18A946C38C7F}.Debug|Any CPU.ActiveCfg = Debug|Any CPU
		{0F8BDA09-F7FD-448C-806E-18A946C38C7F}.Debug|Any CPU.Build.0 = Debug|Any CPU
		{0F8BDA09-F7FD-448C-806E-18A946C38C7F}.Release|Any CPU.ActiveCfg = Release|Any CPU
		{0F8BDA09-F7FD-448C-806E-18A946C38C7F}.Release|Any CPU.Build.0 = Release|Any CPU
		{97C24870-81F0-48A1-A764-C9B1DA7F315F}.Debug|Any CPU.ActiveCfg = Debug|Any CPU
		{97C24870-81F0-48A1-A764-C9B1DA7F315F}.Debug|Any CPU.Build.0 = Debug|Any CPU
		{97C24870-81F0-48A1-A764-C9B1DA7F315F}.Release|Any CPU.ActiveCfg = Release|Any CPU
		{97C24870-81F0-48A1-A764-C9B1DA7F315F}.Release|Any CPU.Build.0 = Release|Any CPU
	EndGlobalSection
	GlobalSection(SolutionProperties) = preSolution
		HideSolutionNode = FALSE
	EndGlobalSection
	GlobalSection(ExtensibilityGlobals) = postSolution
		SolutionGuid = {828703C1-C22D-4629-A780-1E8579D374FF}
	EndGlobalSection
EndGlobal
